
Microsoft Visual Studio Solution File, Format Version 12.00
# Visual Studio Version 16
VisualStudioVersion = 16.0.29403.142
MinimumVisualStudioVersion = 10.0.40219.1
Project("{FAE04EC0-301F-11D3-BF4B-00C04F79EFBC}") = "MANT_Search", "MANT_Search.csproj", "{82F754A4-9ACA-4B45-9D6E-C4AB8C2AD15B}"
EndProject
Global
	GlobalSection(SolutionConfigurationPlatforms) = preSolution
		Debug|Any CPU = Debug|Any CPU
		Release|Any CPU = Release|Any CPU
	EndGlobalSection
	GlobalSection(ProjectConfigurationPlatforms) = postSolution
		{82F754A4-9ACA-4B45-9D6E-C4AB8C2AD15B}.Debug|Any CPU.ActiveCfg = Debug|Any CPU
		{82F754A4-9ACA-4B45-9D6E-C4AB8C2AD15B}.Debug|Any CPU.Build.0 = Debug|Any CPU
		{82F754A4-9ACA-4B45-9D6E-C4AB8C2AD15B}.Release|Any CPU.ActiveCfg = Release|Any CPU
		{82F754A4-9ACA-4B45-9D6E-C4AB8C2AD15B}.Release|Any CPU.Build.0 = Release|Any CPU
	EndGlobalSection
	GlobalSection(SolutionProperties) = preSolution
		HideSolutionNode = FALSE
	EndGlobalSection
	GlobalSection(ExtensibilityGlobals) = postSolution
		SolutionGuid = {B9B92795-B04F-42CB-AD7A-1C67ED0E9F95}
	EndGlobalSection
EndGlobal
